// !$*UTF8*$!
{
	archiveVersion = 1;
	classes = {
	};
	objectVersion = 56;
	objects = {

/* Begin PBXBuildFile section */
		38065A4829A5DA76008DB2D0 /* CartPresenter.swift in Sources */ = {isa = PBXBuildFile; fileRef = 38065A4729A5DA76008DB2D0 /* CartPresenter.swift */; };
		38438DF529A71ECF008C85F6 /* ProductEntity.swift in Sources */ = {isa = PBXBuildFile; fileRef = 38438DF429A71ECF008C85F6 /* ProductEntity.swift */; };
		38438DF829A71F60008C85F6 /* Realm in Frameworks */ = {isa = PBXBuildFile; productRef = 38438DF729A71F60008C85F6 /* Realm */; };
		38438DFA29A71F60008C85F6 /* RealmSwift in Frameworks */ = {isa = PBXBuildFile; productRef = 38438DF929A71F60008C85F6 /* RealmSwift */; };
		38438DFC29A720FB008C85F6 /* LocaleDateSource.swift in Sources */ = {isa = PBXBuildFile; fileRef = 38438DFB29A720FB008C85F6 /* LocaleDateSource.swift */; };
		38438DFE29A72B98008C85F6 /* FavoriteInteractor.swift in Sources */ = {isa = PBXBuildFile; fileRef = 38438DFD29A72B98008C85F6 /* FavoriteInteractor.swift */; };
		38438E0029A73E47008C85F6 /* DetailInteractor.swift in Sources */ = {isa = PBXBuildFile; fileRef = 38438DFF29A73E47008C85F6 /* DetailInteractor.swift */; };
		38438E0329A73F8B008C85F6 /* FavoritePresenter.swift in Sources */ = {isa = PBXBuildFile; fileRef = 38438E0229A73F8B008C85F6 /* FavoritePresenter.swift */; };
		38438E0829A740E2008C85F6 /* DetailPresenter.swift in Sources */ = {isa = PBXBuildFile; fileRef = 38438E0729A740E2008C85F6 /* DetailPresenter.swift */; };
		38438E0A29A74FFD008C85F6 /* FavoriteCard.swift in Sources */ = {isa = PBXBuildFile; fileRef = 38438E0929A74FFD008C85F6 /* FavoriteCard.swift */; };
		38438E0C29A753E4008C85F6 /* ProductTile.swift in Sources */ = {isa = PBXBuildFile; fileRef = 38438E0B29A753E4008C85F6 /* ProductTile.swift */; };
		38785EAA29A5EF190029A7D6 /* DetailView.swift in Sources */ = {isa = PBXBuildFile; fileRef = 38785EA929A5EF190029A7D6 /* DetailView.swift */; };
		38785EAC29A5F7F90029A7D6 /* ViewExt.swift in Sources */ = {isa = PBXBuildFile; fileRef = 38785EAB29A5F7F90029A7D6 /* ViewExt.swift */; };
		38785EAF29A606280029A7D6 /* HomeRouter.swift in Sources */ = {isa = PBXBuildFile; fileRef = 38785EAE29A606280029A7D6 /* HomeRouter.swift */; };
		38785EB229A61E3D0029A7D6 /* AlertMessage in Frameworks */ = {isa = PBXBuildFile; productRef = 38785EB129A61E3D0029A7D6 /* AlertMessage */; };
		389F9DAC29A5B3900076D21D /* ColorExt.swift in Sources */ = {isa = PBXBuildFile; fileRef = 389F9DAB29A5B3900076D21D /* ColorExt.swift */; };
		38A15B6B29A4A377001A58A3 /* RemoteDataSource.swift in Sources */ = {isa = PBXBuildFile; fileRef = 38A15B6A29A4A377001A58A3 /* RemoteDataSource.swift */; };
		38A15B6F29A4A639001A58A3 /* APICall.swift in Sources */ = {isa = PBXBuildFile; fileRef = 38A15B6E29A4A639001A58A3 /* APICall.swift */; };
		38A15B7229A4A69B001A58A3 /* CustomeError+Ext.swift in Sources */ = {isa = PBXBuildFile; fileRef = 38A15B7129A4A69B001A58A3 /* CustomeError+Ext.swift */; };
		38A15B7529A4A6F3001A58A3 /* Alamofire in Frameworks */ = {isa = PBXBuildFile; productRef = 38A15B7429A4A6F3001A58A3 /* Alamofire */; };
		38A15B7729A4A74B001A58A3 /* ProductsResponse.swift in Sources */ = {isa = PBXBuildFile; fileRef = 38A15B7629A4A74B001A58A3 /* ProductsResponse.swift */; };
		38A15B7929A4A9FB001A58A3 /* MainRepository.swift in Sources */ = {isa = PBXBuildFile; fileRef = 38A15B7829A4A9FB001A58A3 /* MainRepository.swift */; };
		38A15B7D29A4AD92001A58A3 /* Product.swift in Sources */ = {isa = PBXBuildFile; fileRef = 38A15B7C29A4AD92001A58A3 /* Product.swift */; };
		38A15B8029A4B290001A58A3 /* ProductMapper.swift in Sources */ = {isa = PBXBuildFile; fileRef = 38A15B7F29A4B290001A58A3 /* ProductMapper.swift */; };
		38A15B8329A4B790001A58A3 /* HomeInteractor.swift in Sources */ = {isa = PBXBuildFile; fileRef = 38A15B8229A4B790001A58A3 /* HomeInteractor.swift */; };
		38A15B8629A4B897001A58A3 /* HomePresenter.swift in Sources */ = {isa = PBXBuildFile; fileRef = 38A15B8529A4B897001A58A3 /* HomePresenter.swift */; };
		38A15B8929A4B9F9001A58A3 /* Injection.swift in Sources */ = {isa = PBXBuildFile; fileRef = 38A15B8829A4B9F9001A58A3 /* Injection.swift */; };
		38A15B8B29A4C082001A58A3 /* CustomEmptyView.swift in Sources */ = {isa = PBXBuildFile; fileRef = 38A15B8A29A4C082001A58A3 /* CustomEmptyView.swift */; };
		38A15B8E29A4C471001A58A3 /* CachedAsyncImage in Frameworks */ = {isa = PBXBuildFile; productRef = 38A15B8D29A4C471001A58A3 /* CachedAsyncImage */; };
		38B9E92A29A3651D00267BD4 /* MainView.swift in Sources */ = {isa = PBXBuildFile; fileRef = 38B9E92929A3651D00267BD4 /* MainView.swift */; };
		38B9E92C29A3651D00267BD4 /* ContentView.swift in Sources */ = {isa = PBXBuildFile; fileRef = 38B9E92B29A3651D00267BD4 /* ContentView.swift */; };
		38B9E92E29A3651E00267BD4 /* Assets.xcassets in Resources */ = {isa = PBXBuildFile; fileRef = 38B9E92D29A3651E00267BD4 /* Assets.xcassets */; };
		38B9E93129A3651E00267BD4 /* Preview Assets.xcassets in Resources */ = {isa = PBXBuildFile; fileRef = 38B9E93029A3651E00267BD4 /* Preview Assets.xcassets */; };
		38B9E93C29A3664900267BD4 /* HomeView.swift in Sources */ = {isa = PBXBuildFile; fileRef = 38B9E93B29A3664900267BD4 /* HomeView.swift */; };
		38BCED8129A39E8E009581C7 /* GridStack.swift in Sources */ = {isa = PBXBuildFile; fileRef = 38BCED8029A39E8E009581C7 /* GridStack.swift */; };
		38EFACFE29A4548800B82FC6 /* FavoriteView.swift in Sources */ = {isa = PBXBuildFile; fileRef = 38EFACFD29A4548800B82FC6 /* FavoriteView.swift */; };
		38EFAD0029A454C800B82FC6 /* HeaderView.swift in Sources */ = {isa = PBXBuildFile; fileRef = 38EFACFF29A454C800B82FC6 /* HeaderView.swift */; };
		38EFAD0429A466DC00B82FC6 /* NotificationView.swift in Sources */ = {isa = PBXBuildFile; fileRef = 38EFAD0329A466DC00B82FC6 /* NotificationView.swift */; };
		38EFAD0829A474DE00B82FC6 /* ProfileView.swift in Sources */ = {isa = PBXBuildFile; fileRef = 38EFAD0729A474DE00B82FC6 /* ProfileView.swift */; };
/* End PBXBuildFile section */

/* Begin PBXFileReference section */
		38065A4729A5DA76008DB2D0 /* CartPresenter.swift */ = {isa = PBXFileReference; lastKnownFileType = sourcecode.swift; path = CartPresenter.swift; sourceTree = "<group>"; };
		38438DF429A71ECF008C85F6 /* ProductEntity.swift */ = {isa = PBXFileReference; lastKnownFileType = sourcecode.swift; path = ProductEntity.swift; sourceTree = "<group>"; };
		38438DFB29A720FB008C85F6 /* LocaleDateSource.swift */ = {isa = PBXFileReference; lastKnownFileType = sourcecode.swift; path = LocaleDateSource.swift; sourceTree = "<group>"; };
		38438DFD29A72B98008C85F6 /* FavoriteInteractor.swift */ = {isa = PBXFileReference; lastKnownFileType = sourcecode.swift; path = FavoriteInteractor.swift; sourceTree = "<group>"; };
		38438DFF29A73E47008C85F6 /* DetailInteractor.swift */ = {isa = PBXFileReference; lastKnownFileType = sourcecode.swift; path = DetailInteractor.swift; sourceTree = "<group>"; };
		38438E0229A73F8B008C85F6 /* FavoritePresenter.swift */ = {isa = PBXFileReference; lastKnownFileType = sourcecode.swift; path = FavoritePresenter.swift; sourceTree = "<group>"; };
		38438E0729A740E2008C85F6 /* DetailPresenter.swift */ = {isa = PBXFileReference; lastKnownFileType = sourcecode.swift; path = DetailPresenter.swift; sourceTree = "<group>"; };
		38438E0929A74FFD008C85F6 /* FavoriteCard.swift */ = {isa = PBXFileReference; lastKnownFileType = sourcecode.swift; path = FavoriteCard.swift; sourceTree = "<group>"; };
		38438E0B29A753E4008C85F6 /* ProductTile.swift */ = {isa = PBXFileReference; lastKnownFileType = sourcecode.swift; path = ProductTile.swift; sourceTree = "<group>"; };
		38785EA929A5EF190029A7D6 /* DetailView.swift */ = {isa = PBXFileReference; lastKnownFileType = sourcecode.swift; path = DetailView.swift; sourceTree = "<group>"; };
		38785EAB29A5F7F90029A7D6 /* ViewExt.swift */ = {isa = PBXFileReference; lastKnownFileType = sourcecode.swift; path = ViewExt.swift; sourceTree = "<group>"; };
		38785EAE29A606280029A7D6 /* HomeRouter.swift */ = {isa = PBXFileReference; lastKnownFileType = sourcecode.swift; path = HomeRouter.swift; sourceTree = "<group>"; };
		389F9DAB29A5B3900076D21D /* ColorExt.swift */ = {isa = PBXFileReference; lastKnownFileType = sourcecode.swift; path = ColorExt.swift; sourceTree = "<group>"; };
		38A15B6A29A4A377001A58A3 /* RemoteDataSource.swift */ = {isa = PBXFileReference; lastKnownFileType = sourcecode.swift; path = RemoteDataSource.swift; sourceTree = "<group>"; };
		38A15B6E29A4A639001A58A3 /* APICall.swift */ = {isa = PBXFileReference; lastKnownFileType = sourcecode.swift; path = APICall.swift; sourceTree = "<group>"; };
		38A15B7129A4A69B001A58A3 /* CustomeError+Ext.swift */ = {isa = PBXFileReference; lastKnownFileType = sourcecode.swift; path = "CustomeError+Ext.swift"; sourceTree = "<group>"; };
		38A15B7629A4A74B001A58A3 /* ProductsResponse.swift */ = {isa = PBXFileReference; lastKnownFileType = sourcecode.swift; path = ProductsResponse.swift; sourceTree = "<group>"; };
		38A15B7829A4A9FB001A58A3 /* MainRepository.swift */ = {isa = PBXFileReference; lastKnownFileType = sourcecode.swift; path = MainRepository.swift; sourceTree = "<group>"; };
		38A15B7C29A4AD92001A58A3 /* Product.swift */ = {isa = PBXFileReference; lastKnownFileType = sourcecode.swift; path = Product.swift; sourceTree = "<group>"; };
		38A15B7F29A4B290001A58A3 /* ProductMapper.swift */ = {isa = PBXFileReference; lastKnownFileType = sourcecode.swift; path = ProductMapper.swift; sourceTree = "<group>"; };
		38A15B8229A4B790001A58A3 /* HomeInteractor.swift */ = {isa = PBXFileReference; lastKnownFileType = sourcecode.swift; path = HomeInteractor.swift; sourceTree = "<group>"; };
		38A15B8529A4B897001A58A3 /* HomePresenter.swift */ = {isa = PBXFileReference; lastKnownFileType = sourcecode.swift; path = HomePresenter.swift; sourceTree = "<group>"; };
		38A15B8829A4B9F9001A58A3 /* Injection.swift */ = {isa = PBXFileReference; lastKnownFileType = sourcecode.swift; path = Injection.swift; sourceTree = "<group>"; };
		38A15B8A29A4C082001A58A3 /* CustomEmptyView.swift */ = {isa = PBXFileReference; lastKnownFileType = sourcecode.swift; path = CustomEmptyView.swift; sourceTree = "<group>"; };
		38B9E92629A3651D00267BD4 /* The Shop.app */ = {isa = PBXFileReference; explicitFileType = wrapper.application; includeInIndex = 0; path = "The Shop.app"; sourceTree = BUILT_PRODUCTS_DIR; };
		38B9E92929A3651D00267BD4 /* MainView.swift */ = {isa = PBXFileReference; lastKnownFileType = sourcecode.swift; path = MainView.swift; sourceTree = "<group>"; };
		38B9E92B29A3651D00267BD4 /* ContentView.swift */ = {isa = PBXFileReference; lastKnownFileType = sourcecode.swift; path = ContentView.swift; sourceTree = "<group>"; };
		38B9E92D29A3651E00267BD4 /* Assets.xcassets */ = {isa = PBXFileReference; lastKnownFileType = folder.assetcatalog; path = Assets.xcassets; sourceTree = "<group>"; };
		38B9E93029A3651E00267BD4 /* Preview Assets.xcassets */ = {isa = PBXFileReference; lastKnownFileType = folder.assetcatalog; path = "Preview Assets.xcassets"; sourceTree = "<group>"; };
		38B9E93B29A3664900267BD4 /* HomeView.swift */ = {isa = PBXFileReference; lastKnownFileType = sourcecode.swift; path = HomeView.swift; sourceTree = "<group>"; };
		38BCED8029A39E8E009581C7 /* GridStack.swift */ = {isa = PBXFileReference; lastKnownFileType = sourcecode.swift; path = GridStack.swift; sourceTree = "<group>"; };
		38EFACFD29A4548800B82FC6 /* FavoriteView.swift */ = {isa = PBXFileReference; lastKnownFileType = sourcecode.swift; path = FavoriteView.swift; sourceTree = "<group>"; };
		38EFACFF29A454C800B82FC6 /* HeaderView.swift */ = {isa = PBXFileReference; lastKnownFileType = sourcecode.swift; path = HeaderView.swift; sourceTree = "<group>"; };
		38EFAD0329A466DC00B82FC6 /* NotificationView.swift */ = {isa = PBXFileReference; lastKnownFileType = sourcecode.swift; path = NotificationView.swift; sourceTree = "<group>"; };
		38EFAD0729A474DE00B82FC6 /* ProfileView.swift */ = {isa = PBXFileReference; lastKnownFileType = sourcecode.swift; path = ProfileView.swift; sourceTree = "<group>"; };
/* End PBXFileReference section */

/* Begin PBXFrameworksBuildPhase section */
		38B9E92329A3651D00267BD4 /* Frameworks */ = {
			isa = PBXFrameworksBuildPhase;
			buildActionMask = 2147483647;
			files = (
				38785EB229A61E3D0029A7D6 /* AlertMessage in Frameworks */,
				38A15B7529A4A6F3001A58A3 /* Alamofire in Frameworks */,
				38438DF829A71F60008C85F6 /* Realm in Frameworks */,
				38438DFA29A71F60008C85F6 /* RealmSwift in Frameworks */,
				38A15B8E29A4C471001A58A3 /* CachedAsyncImage in Frameworks */,
			);
			runOnlyForDeploymentPostprocessing = 0;
		};
/* End PBXFrameworksBuildPhase section */

/* Begin PBXGroup section */
		38065A4529A5DA5A008DB2D0 /* Cart */ = {
			isa = PBXGroup;
			children = (
				38065A4629A5DA65008DB2D0 /* Presenter */,
			);
			path = Cart;
			sourceTree = "<group>";
		};
		38065A4629A5DA65008DB2D0 /* Presenter */ = {
			isa = PBXGroup;
			children = (
				38065A4729A5DA76008DB2D0 /* CartPresenter.swift */,
			);
			path = Presenter;
			sourceTree = "<group>";
		};
		38438DF229A71E76008C85F6 /* Locale */ = {
			isa = PBXGroup;
			children = (
				38438DF329A71EB6008C85F6 /* Entity */,
				38438DFB29A720FB008C85F6 /* LocaleDateSource.swift */,
			);
			path = Locale;
			sourceTree = "<group>";
		};
		38438DF329A71EB6008C85F6 /* Entity */ = {
			isa = PBXGroup;
			children = (
				38438DF429A71ECF008C85F6 /* ProductEntity.swift */,
			);
			path = Entity;
			sourceTree = "<group>";
		};
		38438E0129A73F6C008C85F6 /* Presenter */ = {
			isa = PBXGroup;
			children = (
				38438E0229A73F8B008C85F6 /* FavoritePresenter.swift */,
			);
			path = Presenter;
			sourceTree = "<group>";
		};
		38438E0429A740AC008C85F6 /* Presenter */ = {
			isa = PBXGroup;
			children = (
				38438E0729A740E2008C85F6 /* DetailPresenter.swift */,
			);
			path = Presenter;
			sourceTree = "<group>";
		};
		38785EA729A5EEC70029A7D6 /* Detail */ = {
			isa = PBXGroup;
			children = (
				38438E0429A740AC008C85F6 /* Presenter */,
				38785EA829A5EEF90029A7D6 /* View */,
			);
			path = Detail;
			sourceTree = "<group>";
		};
		38785EA829A5EEF90029A7D6 /* View */ = {
			isa = PBXGroup;
			children = (
				38785EA929A5EF190029A7D6 /* DetailView.swift */,
			);
			path = View;
			sourceTree = "<group>";
		};
		38785EAD29A606190029A7D6 /* Router */ = {
			isa = PBXGroup;
			children = (
				38785EAE29A606280029A7D6 /* HomeRouter.swift */,
			);
			path = Router;
			sourceTree = "<group>";
		};
		38A15B6629A4A2D3001A58A3 /* Core */ = {
			isa = PBXGroup;
			children = (
				38A15B8729A4B9E6001A58A3 /* DI */,
				38A15B7A29A4AD77001A58A3 /* Domain */,
				38A15B6C29A4A3EA001A58A3 /* Utils */,
				38A15B6729A4A2E9001A58A3 /* Data */,
			);
			path = Core;
			sourceTree = "<group>";
		};
		38A15B6729A4A2E9001A58A3 /* Data */ = {
			isa = PBXGroup;
			children = (
				38438DF229A71E76008C85F6 /* Locale */,
				38A15B6829A4A346001A58A3 /* Remote */,
				38A15B7829A4A9FB001A58A3 /* MainRepository.swift */,
			);
			path = Data;
			sourceTree = "<group>";
		};
		38A15B6829A4A346001A58A3 /* Remote */ = {
			isa = PBXGroup;
			children = (
				38A15B6929A4A360001A58A3 /* Response */,
				38A15B6A29A4A377001A58A3 /* RemoteDataSource.swift */,
			);
			path = Remote;
			sourceTree = "<group>";
		};
		38A15B6929A4A360001A58A3 /* Response */ = {
			isa = PBXGroup;
			children = (
				38A15B7629A4A74B001A58A3 /* ProductsResponse.swift */,
			);
			path = Response;
			sourceTree = "<group>";
		};
		38A15B6C29A4A3EA001A58A3 /* Utils */ = {
			isa = PBXGroup;
			children = (
				38A15B7E29A4B274001A58A3 /* Mapper */,
				38A15B7029A4A677001A58A3 /* Extensions */,
				38A15B6D29A4A60F001A58A3 /* Network */,
			);
			path = Utils;
			sourceTree = "<group>";
		};
		38A15B6D29A4A60F001A58A3 /* Network */ = {
			isa = PBXGroup;
			children = (
				38A15B6E29A4A639001A58A3 /* APICall.swift */,
			);
			path = Network;
			sourceTree = "<group>";
		};
		38A15B7029A4A677001A58A3 /* Extensions */ = {
			isa = PBXGroup;
			children = (
				38A15B7129A4A69B001A58A3 /* CustomeError+Ext.swift */,
				389F9DAB29A5B3900076D21D /* ColorExt.swift */,
				38785EAB29A5F7F90029A7D6 /* ViewExt.swift */,
			);
			path = Extensions;
			sourceTree = "<group>";
		};
		38A15B7A29A4AD77001A58A3 /* Domain */ = {
			isa = PBXGroup;
			children = (
				38A15B8129A4B759001A58A3 /* UseCase */,
				38A15B7B29A4AD81001A58A3 /* Model */,
			);
			path = Domain;
			sourceTree = "<group>";
		};
		38A15B7B29A4AD81001A58A3 /* Model */ = {
			isa = PBXGroup;
			children = (
				38A15B7C29A4AD92001A58A3 /* Product.swift */,
			);
			path = Model;
			sourceTree = "<group>";
		};
		38A15B7E29A4B274001A58A3 /* Mapper */ = {
			isa = PBXGroup;
			children = (
				38A15B7F29A4B290001A58A3 /* ProductMapper.swift */,
			);
			path = Mapper;
			sourceTree = "<group>";
		};
		38A15B8129A4B759001A58A3 /* UseCase */ = {
			isa = PBXGroup;
			children = (
				38A15B8229A4B790001A58A3 /* HomeInteractor.swift */,
				38438DFD29A72B98008C85F6 /* FavoriteInteractor.swift */,
				38438DFF29A73E47008C85F6 /* DetailInteractor.swift */,
			);
			path = UseCase;
			sourceTree = "<group>";
		};
		38A15B8429A4B879001A58A3 /* Presenter */ = {
			isa = PBXGroup;
			children = (
				38A15B8529A4B897001A58A3 /* HomePresenter.swift */,
			);
			path = Presenter;
			sourceTree = "<group>";
		};
		38A15B8729A4B9E6001A58A3 /* DI */ = {
			isa = PBXGroup;
			children = (
				38A15B8829A4B9F9001A58A3 /* Injection.swift */,
			);
			path = DI;
			sourceTree = "<group>";
		};
		38B9E91D29A3651D00267BD4 = {
			isa = PBXGroup;
			children = (
				38B9E92829A3651D00267BD4 /* The Shop */,
				38B9E92729A3651D00267BD4 /* Products */,
			);
			sourceTree = "<group>";
		};
		38B9E92729A3651D00267BD4 /* Products */ = {
			isa = PBXGroup;
			children = (
				38B9E92629A3651D00267BD4 /* The Shop.app */,
			);
			name = Products;
			sourceTree = "<group>";
		};
		38B9E92829A3651D00267BD4 /* The Shop */ = {
			isa = PBXGroup;
			children = (
				38B9E93729A365C800267BD4 /* App */,
				38A15B6629A4A2D3001A58A3 /* Core */,
				38B9E93829A365EF00267BD4 /* Module */,
				38B9E92F29A3651E00267BD4 /* Preview Content */,
				38BCED7E29A39800009581C7 /* Supporting Files */,
			);
			path = "The Shop";
			sourceTree = "<group>";
		};
		38B9E92F29A3651E00267BD4 /* Preview Content */ = {
			isa = PBXGroup;
			children = (
				38B9E93029A3651E00267BD4 /* Preview Assets.xcassets */,
			);
			path = "Preview Content";
			sourceTree = "<group>";
		};
		38B9E93729A365C800267BD4 /* App */ = {
			isa = PBXGroup;
			children = (
				38B9E92929A3651D00267BD4 /* MainView.swift */,
				38B9E92B29A3651D00267BD4 /* ContentView.swift */,
			);
			path = App;
			sourceTree = "<group>";
		};
		38B9E93829A365EF00267BD4 /* Module */ = {
			isa = PBXGroup;
			children = (
				38785EA729A5EEC70029A7D6 /* Detail */,
				38065A4529A5DA5A008DB2D0 /* Cart */,
				38EFAD0529A474B700B82FC6 /* Profile */,
				38EFAD0129A466B800B82FC6 /* Notification */,
				38EFACFB29A4545800B82FC6 /* Favorite */,
				38BCED7F29A39E7A009581C7 /* Common */,
				38B9E93929A3660200267BD4 /* Home */,
			);
			path = Module;
			sourceTree = "<group>";
		};
		38B9E93929A3660200267BD4 /* Home */ = {
			isa = PBXGroup;
			children = (
				38785EAD29A606190029A7D6 /* Router */,
				38A15B8429A4B879001A58A3 /* Presenter */,
				38B9E93A29A3660E00267BD4 /* View */,
			);
			path = Home;
			sourceTree = "<group>";
		};
		38B9E93A29A3660E00267BD4 /* View */ = {
			isa = PBXGroup;
			children = (
				38B9E93B29A3664900267BD4 /* HomeView.swift */,
			);
			path = View;
			sourceTree = "<group>";
		};
		38BCED7E29A39800009581C7 /* Supporting Files */ = {
			isa = PBXGroup;
			children = (
				38B9E92D29A3651E00267BD4 /* Assets.xcassets */,
			);
			path = "Supporting Files";
			sourceTree = "<group>";
		};
		38BCED7F29A39E7A009581C7 /* Common */ = {
			isa = PBXGroup;
			children = (
				38BCED8029A39E8E009581C7 /* GridStack.swift */,
				38EFACFF29A454C800B82FC6 /* HeaderView.swift */,
				38A15B8A29A4C082001A58A3 /* CustomEmptyView.swift */,
				38438E0929A74FFD008C85F6 /* FavoriteCard.swift */,
				38438E0B29A753E4008C85F6 /* ProductTile.swift */,
			);
			path = Common;
			sourceTree = "<group>";
		};
		38EFACFB29A4545800B82FC6 /* Favorite */ = {
			isa = PBXGroup;
			children = (
				38438E0129A73F6C008C85F6 /* Presenter */,
				38EFACFC29A4547000B82FC6 /* View */,
			);
			path = Favorite;
			sourceTree = "<group>";
		};
		38EFACFC29A4547000B82FC6 /* View */ = {
			isa = PBXGroup;
			children = (
				38EFACFD29A4548800B82FC6 /* FavoriteView.swift */,
			);
			path = View;
			sourceTree = "<group>";
		};
		38EFAD0129A466B800B82FC6 /* Notification */ = {
			isa = PBXGroup;
			children = (
				38EFAD0229A466C900B82FC6 /* View */,
			);
			path = Notification;
			sourceTree = "<group>";
		};
		38EFAD0229A466C900B82FC6 /* View */ = {
			isa = PBXGroup;
			children = (
				38EFAD0329A466DC00B82FC6 /* NotificationView.swift */,
			);
			path = View;
			sourceTree = "<group>";
		};
		38EFAD0529A474B700B82FC6 /* Profile */ = {
			isa = PBXGroup;
			children = (
				38EFAD0629A474D000B82FC6 /* View */,
			);
			path = Profile;
			sourceTree = "<group>";
		};
		38EFAD0629A474D000B82FC6 /* View */ = {
			isa = PBXGroup;
			children = (
				38EFAD0729A474DE00B82FC6 /* ProfileView.swift */,
			);
			path = View;
			sourceTree = "<group>";
		};
/* End PBXGroup section */

/* Begin PBXNativeTarget section */
		38B9E92529A3651D00267BD4 /* The Shop */ = {
			isa = PBXNativeTarget;
			buildConfigurationList = 38B9E93429A3651E00267BD4 /* Build configuration list for PBXNativeTarget "The Shop" */;
			buildPhases = (
				38B9E92229A3651D00267BD4 /* Sources */,
				38B9E92329A3651D00267BD4 /* Frameworks */,
				38B9E92429A3651D00267BD4 /* Resources */,
			);
			buildRules = (
			);
			dependencies = (
			);
			name = "The Shop";
			packageProductDependencies = (
				38A15B7429A4A6F3001A58A3 /* Alamofire */,
				38A15B8D29A4C471001A58A3 /* CachedAsyncImage */,
				38785EB129A61E3D0029A7D6 /* AlertMessage */,
				38438DF729A71F60008C85F6 /* Realm */,
				38438DF929A71F60008C85F6 /* RealmSwift */,
			);
			productName = "The Shop";
			productReference = 38B9E92629A3651D00267BD4 /* The Shop.app */;
			productType = "com.apple.product-type.application";
		};
/* End PBXNativeTarget section */

/* Begin PBXProject section */
		38B9E91E29A3651D00267BD4 /* Project object */ = {
			isa = PBXProject;
			attributes = {
				BuildIndependentTargetsInParallel = 1;
				LastSwiftUpdateCheck = 1420;
				LastUpgradeCheck = 1420;
				TargetAttributes = {
					38B9E92529A3651D00267BD4 = {
						CreatedOnToolsVersion = 14.2;
					};
				};
			};
			buildConfigurationList = 38B9E92129A3651D00267BD4 /* Build configuration list for PBXProject "The Shop" */;
			compatibilityVersion = "Xcode 14.0";
			developmentRegion = en;
			hasScannedForEncodings = 0;
			knownRegions = (
				en,
				Base,
			);
			mainGroup = 38B9E91D29A3651D00267BD4;
			packageReferences = (
				38A15B7329A4A6F3001A58A3 /* XCRemoteSwiftPackageReference "Alamofire" */,
				38A15B8C29A4C471001A58A3 /* XCRemoteSwiftPackageReference "swiftui-cached-async-image" */,
				38785EB029A61E3D0029A7D6 /* XCRemoteSwiftPackageReference "AlertMessage" */,
				38438DF629A71F60008C85F6 /* XCRemoteSwiftPackageReference "realm-swift" */,
			);
			productRefGroup = 38B9E92729A3651D00267BD4 /* Products */;
			projectDirPath = "";
			projectRoot = "";
			targets = (
				38B9E92529A3651D00267BD4 /* The Shop */,
			);
		};
/* End PBXProject section */

/* Begin PBXResourcesBuildPhase section */
		38B9E92429A3651D00267BD4 /* Resources */ = {
			isa = PBXResourcesBuildPhase;
			buildActionMask = 2147483647;
			files = (
				38B9E93129A3651E00267BD4 /* Preview Assets.xcassets in Resources */,
				38B9E92E29A3651E00267BD4 /* Assets.xcassets in Resources */,
			);
			runOnlyForDeploymentPostprocessing = 0;
		};
/* End PBXResourcesBuildPhase section */

/* Begin PBXSourcesBuildPhase section */
		38B9E92229A3651D00267BD4 /* Sources */ = {
			isa = PBXSourcesBuildPhase;
			buildActionMask = 2147483647;
			files = (
				38EFAD0829A474DE00B82FC6 /* ProfileView.swift in Sources */,
				38785EAA29A5EF190029A7D6 /* DetailView.swift in Sources */,
				38B9E93C29A3664900267BD4 /* HomeView.swift in Sources */,
				38A15B8029A4B290001A58A3 /* ProductMapper.swift in Sources */,
				38A15B7229A4A69B001A58A3 /* CustomeError+Ext.swift in Sources */,
				38A15B6F29A4A639001A58A3 /* APICall.swift in Sources */,
				38438E0C29A753E4008C85F6 /* ProductTile.swift in Sources */,
				38438DF529A71ECF008C85F6 /* ProductEntity.swift in Sources */,
				38438E0A29A74FFD008C85F6 /* FavoriteCard.swift in Sources */,
				38A15B8329A4B790001A58A3 /* HomeInteractor.swift in Sources */,
				38785EAC29A5F7F90029A7D6 /* ViewExt.swift in Sources */,
				38438E0029A73E47008C85F6 /* DetailInteractor.swift in Sources */,
				38065A4829A5DA76008DB2D0 /* CartPresenter.swift in Sources */,
				38A15B7729A4A74B001A58A3 /* ProductsResponse.swift in Sources */,
				38A15B8B29A4C082001A58A3 /* CustomEmptyView.swift in Sources */,
				38EFAD0029A454C800B82FC6 /* HeaderView.swift in Sources */,
				38A15B7929A4A9FB001A58A3 /* MainRepository.swift in Sources */,
				38EFAD0429A466DC00B82FC6 /* NotificationView.swift in Sources */,
				38A15B6B29A4A377001A58A3 /* RemoteDataSource.swift in Sources */,
				38438DFC29A720FB008C85F6 /* LocaleDateSource.swift in Sources */,
				38A15B8629A4B897001A58A3 /* HomePresenter.swift in Sources */,
				38438DFE29A72B98008C85F6 /* FavoriteInteractor.swift in Sources */,
				389F9DAC29A5B3900076D21D /* ColorExt.swift in Sources */,
				38438E0829A740E2008C85F6 /* DetailPresenter.swift in Sources */,
				38B9E92C29A3651D00267BD4 /* ContentView.swift in Sources */,
				38785EAF29A606280029A7D6 /* HomeRouter.swift in Sources */,
				38BCED8129A39E8E009581C7 /* GridStack.swift in Sources */,
				38438E0329A73F8B008C85F6 /* FavoritePresenter.swift in Sources */,
				38EFACFE29A4548800B82FC6 /* FavoriteView.swift in Sources */,
				38A15B8929A4B9F9001A58A3 /* Injection.swift in Sources */,
				38B9E92A29A3651D00267BD4 /* MainView.swift in Sources */,
				38A15B7D29A4AD92001A58A3 /* Product.swift in Sources */,
			);
			runOnlyForDeploymentPostprocessing = 0;
		};
/* End PBXSourcesBuildPhase section */

/* Begin XCBuildConfiguration section */
		38B9E93229A3651E00267BD4 /* Debug */ = {
			isa = XCBuildConfiguration;
			buildSettings = {
				ALWAYS_SEARCH_USER_PATHS = NO;
				CLANG_ANALYZER_NONNULL = YES;
				CLANG_ANALYZER_NUMBER_OBJECT_CONVERSION = YES_AGGRESSIVE;
				CLANG_CXX_LANGUAGE_STANDARD = "gnu++20";
				CLANG_ENABLE_MODULES = YES;
				CLANG_ENABLE_OBJC_ARC = YES;
				CLANG_ENABLE_OBJC_WEAK = YES;
				CLANG_WARN_BLOCK_CAPTURE_AUTORELEASING = YES;
				CLANG_WARN_BOOL_CONVERSION = YES;
				CLANG_WARN_COMMA = YES;
				CLANG_WARN_CONSTANT_CONVERSION = YES;
				CLANG_WARN_DEPRECATED_OBJC_IMPLEMENTATIONS = YES;
				CLANG_WARN_DIRECT_OBJC_ISA_USAGE = YES_ERROR;
				CLANG_WARN_DOCUMENTATION_COMMENTS = YES;
				CLANG_WARN_EMPTY_BODY = YES;
				CLANG_WARN_ENUM_CONVERSION = YES;
				CLANG_WARN_INFINITE_RECURSION = YES;
				CLANG_WARN_INT_CONVERSION = YES;
				CLANG_WARN_NON_LITERAL_NULL_CONVERSION = YES;
				CLANG_WARN_OBJC_IMPLICIT_RETAIN_SELF = YES;
				CLANG_WARN_OBJC_LITERAL_CONVERSION = YES;
				CLANG_WARN_OBJC_ROOT_CLASS = YES_ERROR;
				CLANG_WARN_QUOTED_INCLUDE_IN_FRAMEWORK_HEADER = YES;
				CLANG_WARN_RANGE_LOOP_ANALYSIS = YES;
				CLANG_WARN_STRICT_PROTOTYPES = YES;
				CLANG_WARN_SUSPICIOUS_MOVE = YES;
				CLANG_WARN_UNGUARDED_AVAILABILITY = YES_AGGRESSIVE;
				CLANG_WARN_UNREACHABLE_CODE = YES;
				CLANG_WARN__DUPLICATE_METHOD_MATCH = YES;
				COPY_PHASE_STRIP = NO;
				DEBUG_INFORMATION_FORMAT = dwarf;
				ENABLE_STRICT_OBJC_MSGSEND = YES;
				ENABLE_TESTABILITY = YES;
				GCC_C_LANGUAGE_STANDARD = gnu11;
				GCC_DYNAMIC_NO_PIC = NO;
				GCC_NO_COMMON_BLOCKS = YES;
				GCC_OPTIMIZATION_LEVEL = 0;
				GCC_PREPROCESSOR_DEFINITIONS = (
					"DEBUG=1",
					"$(inherited)",
				);
				GCC_WARN_64_TO_32_BIT_CONVERSION = YES;
				GCC_WARN_ABOUT_RETURN_TYPE = YES_ERROR;
				GCC_WARN_UNDECLARED_SELECTOR = YES;
				GCC_WARN_UNINITIALIZED_AUTOS = YES_AGGRESSIVE;
				GCC_WARN_UNUSED_FUNCTION = YES;
				GCC_WARN_UNUSED_VARIABLE = YES;
				IPHONEOS_DEPLOYMENT_TARGET = 16.2;
				MTL_ENABLE_DEBUG_INFO = INCLUDE_SOURCE;
				MTL_FAST_MATH = YES;
				ONLY_ACTIVE_ARCH = YES;
				SDKROOT = iphoneos;
				SWIFT_ACTIVE_COMPILATION_CONDITIONS = DEBUG;
				SWIFT_OPTIMIZATION_LEVEL = "-Onone";
			};
			name = Debug;
		};
		38B9E93329A3651E00267BD4 /* Release */ = {
			isa = XCBuildConfiguration;
			buildSettings = {
				ALWAYS_SEARCH_USER_PATHS = NO;
				CLANG_ANALYZER_NONNULL = YES;
				CLANG_ANALYZER_NUMBER_OBJECT_CONVERSION = YES_AGGRESSIVE;
				CLANG_CXX_LANGUAGE_STANDARD = "gnu++20";
				CLANG_ENABLE_MODULES = YES;
				CLANG_ENABLE_OBJC_ARC = YES;
				CLANG_ENABLE_OBJC_WEAK = YES;
				CLANG_WARN_BLOCK_CAPTURE_AUTORELEASING = YES;
				CLANG_WARN_BOOL_CONVERSION = YES;
				CLANG_WARN_COMMA = YES;
				CLANG_WARN_CONSTANT_CONVERSION = YES;
				CLANG_WARN_DEPRECATED_OBJC_IMPLEMENTATIONS = YES;
				CLANG_WARN_DIRECT_OBJC_ISA_USAGE = YES_ERROR;
				CLANG_WARN_DOCUMENTATION_COMMENTS = YES;
				CLANG_WARN_EMPTY_BODY = YES;
				CLANG_WARN_ENUM_CONVERSION = YES;
				CLANG_WARN_INFINITE_RECURSION = YES;
				CLANG_WARN_INT_CONVERSION = YES;
				CLANG_WARN_NON_LITERAL_NULL_CONVERSION = YES;
				CLANG_WARN_OBJC_IMPLICIT_RETAIN_SELF = YES;
				CLANG_WARN_OBJC_LITERAL_CONVERSION = YES;
				CLANG_WARN_OBJC_ROOT_CLASS = YES_ERROR;
				CLANG_WARN_QUOTED_INCLUDE_IN_FRAMEWORK_HEADER = YES;
				CLANG_WARN_RANGE_LOOP_ANALYSIS = YES;
				CLANG_WARN_STRICT_PROTOTYPES = YES;
				CLANG_WARN_SUSPICIOUS_MOVE = YES;
				CLANG_WARN_UNGUARDED_AVAILABILITY = YES_AGGRESSIVE;
				CLANG_WARN_UNREACHABLE_CODE = YES;
				CLANG_WARN__DUPLICATE_METHOD_MATCH = YES;
				COPY_PHASE_STRIP = NO;
				DEBUG_INFORMATION_FORMAT = "dwarf-with-dsym";
				ENABLE_NS_ASSERTIONS = NO;
				ENABLE_STRICT_OBJC_MSGSEND = YES;
				GCC_C_LANGUAGE_STANDARD = gnu11;
				GCC_NO_COMMON_BLOCKS = YES;
				GCC_WARN_64_TO_32_BIT_CONVERSION = YES;
				GCC_WARN_ABOUT_RETURN_TYPE = YES_ERROR;
				GCC_WARN_UNDECLARED_SELECTOR = YES;
				GCC_WARN_UNINITIALIZED_AUTOS = YES_AGGRESSIVE;
				GCC_WARN_UNUSED_FUNCTION = YES;
				GCC_WARN_UNUSED_VARIABLE = YES;
				IPHONEOS_DEPLOYMENT_TARGET = 16.2;
				MTL_ENABLE_DEBUG_INFO = NO;
				MTL_FAST_MATH = YES;
				SDKROOT = iphoneos;
				SWIFT_COMPILATION_MODE = wholemodule;
				SWIFT_OPTIMIZATION_LEVEL = "-O";
				VALIDATE_PRODUCT = YES;
			};
			name = Release;
		};
		38B9E93529A3651E00267BD4 /* Debug */ = {
			isa = XCBuildConfiguration;
			buildSettings = {
				ASSETCATALOG_COMPILER_APPICON_NAME = AppIcon;
				ASSETCATALOG_COMPILER_GLOBAL_ACCENT_COLOR_NAME = AccentColor;
				CODE_SIGN_STYLE = Automatic;
				CURRENT_PROJECT_VERSION = 1;
				DEVELOPMENT_ASSET_PATHS = "\"The Shop/Preview Content\"";
				ENABLE_PREVIEWS = YES;
				GENERATE_INFOPLIST_FILE = YES;
				INFOPLIST_KEY_UIApplicationSceneManifest_Generation = YES;
				INFOPLIST_KEY_UIApplicationSupportsIndirectInputEvents = YES;
				INFOPLIST_KEY_UILaunchScreen_Generation = YES;
				INFOPLIST_KEY_UISupportedInterfaceOrientations_iPad = "UIInterfaceOrientationPortrait UIInterfaceOrientationPortraitUpsideDown UIInterfaceOrientationLandscapeLeft UIInterfaceOrientationLandscapeRight";
				INFOPLIST_KEY_UISupportedInterfaceOrientations_iPhone = "UIInterfaceOrientationPortrait UIInterfaceOrientationLandscapeLeft UIInterfaceOrientationLandscapeRight";
				LD_RUNPATH_SEARCH_PATHS = (
					"$(inherited)",
					"@executable_path/Frameworks",
				);
				MARKETING_VERSION = 1.0;
				PRODUCT_BUNDLE_IDENTIFIER = "com.ahfasxp.The-Shop";
				PRODUCT_NAME = "$(TARGET_NAME)";
				SWIFT_EMIT_LOC_STRINGS = YES;
				SWIFT_VERSION = 5.0;
				TARGETED_DEVICE_FAMILY = "1,2";
			};
			name = Debug;
		};
		38B9E93629A3651E00267BD4 /* Release */ = {
			isa = XCBuildConfiguration;
			buildSettings = {
				ASSETCATALOG_COMPILER_APPICON_NAME = AppIcon;
				ASSETCATALOG_COMPILER_GLOBAL_ACCENT_COLOR_NAME = AccentColor;
				CODE_SIGN_STYLE = Automatic;
				CURRENT_PROJECT_VERSION = 1;
				DEVELOPMENT_ASSET_PATHS = "\"The Shop/Preview Content\"";
				ENABLE_PREVIEWS = YES;
				GENERATE_INFOPLIST_FILE = YES;
				INFOPLIST_KEY_UIApplicationSceneManifest_Generation = YES;
				INFOPLIST_KEY_UIApplicationSupportsIndirectInputEvents = YES;
				INFOPLIST_KEY_UILaunchScreen_Generation = YES;
				INFOPLIST_KEY_UISupportedInterfaceOrientations_iPad = "UIInterfaceOrientationPortrait UIInterfaceOrientationPortraitUpsideDown UIInterfaceOrientationLandscapeLeft UIInterfaceOrientationLandscapeRight";
				INFOPLIST_KEY_UISupportedInterfaceOrientations_iPhone = "UIInterfaceOrientationPortrait UIInterfaceOrientationLandscapeLeft UIInterfaceOrientationLandscapeRight";
				LD_RUNPATH_SEARCH_PATHS = (
					"$(inherited)",
					"@executable_path/Frameworks",
				);
				MARKETING_VERSION = 1.0;
				PRODUCT_BUNDLE_IDENTIFIER = "com.ahfasxp.The-Shop";
				PRODUCT_NAME = "$(TARGET_NAME)";
				SWIFT_EMIT_LOC_STRINGS = YES;
				SWIFT_VERSION = 5.0;
				TARGETED_DEVICE_FAMILY = "1,2";
			};
			name = Release;
		};
/* End XCBuildConfiguration section */

/* Begin XCConfigurationList section */
		38B9E92129A3651D00267BD4 /* Build configuration list for PBXProject "The Shop" */ = {
			isa = XCConfigurationList;
			buildConfigurations = (
				38B9E93229A3651E00267BD4 /* Debug */,
				38B9E93329A3651E00267BD4 /* Release */,
			);
			defaultConfigurationIsVisible = 0;
			defaultConfigurationName = Release;
		};
		38B9E93429A3651E00267BD4 /* Build configuration list for PBXNativeTarget "The Shop" */ = {
			isa = XCConfigurationList;
			buildConfigurations = (
				38B9E93529A3651E00267BD4 /* Debug */,
				38B9E93629A3651E00267BD4 /* Release */,
			);
			defaultConfigurationIsVisible = 0;
			defaultConfigurationName = Release;
		};
/* End XCConfigurationList section */

/* Begin XCRemoteSwiftPackageReference section */
		38438DF629A71F60008C85F6 /* XCRemoteSwiftPackageReference "realm-swift" */ = {
			isa = XCRemoteSwiftPackageReference;
			repositoryURL = "https://github.com/realm/realm-swift";
			requirement = {
				branch = master;
				kind = branch;
			};
		};
		38785EB029A61E3D0029A7D6 /* XCRemoteSwiftPackageReference "AlertMessage" */ = {
			isa = XCRemoteSwiftPackageReference;
			repositoryURL = "https://github.com/danielkmarks23/AlertMessage.git";
			requirement = {
				kind = upToNextMajorVersion;
				minimumVersion = 1.0.0;
			};
		};
		38A15B7329A4A6F3001A58A3 /* XCRemoteSwiftPackageReference "Alamofire" */ = {
			isa = XCRemoteSwiftPackageReference;
			repositoryURL = "https://github.com/Alamofire/Alamofire";
			requirement = {
				kind = upToNextMajorVersion;
				minimumVersion = 5.0.0;
			};
		};
		38A15B8C29A4C471001A58A3 /* XCRemoteSwiftPackageReference "swiftui-cached-async-image" */ = {
			isa = XCRemoteSwiftPackageReference;
			repositoryURL = "https://github.com/lorenzofiamingo/swiftui-cached-async-image";
			requirement = {
				kind = upToNextMajorVersion;
				minimumVersion = 2.0.0;
			};
		};
/* End XCRemoteSwiftPackageReference section */

/* Begin XCSwiftPackageProductDependency section */
		38438DF729A71F60008C85F6 /* Realm */ = {
			isa = XCSwiftPackageProductDependency;
			package = 38438DF629A71F60008C85F6 /* XCRemoteSwiftPackageReference "realm-swift" */;
			productName = Realm;
		};
		38438DF929A71F60008C85F6 /* RealmSwift */ = {
			isa = XCSwiftPackageProductDependency;
			package = 38438DF629A71F60008C85F6 /* XCRemoteSwiftPackageReference "realm-swift" */;
			productName = RealmSwift;
		};
		38785EB129A61E3D0029A7D6 /* AlertMessage */ = {
			isa = XCSwiftPackageProductDependency;
			package = 38785EB029A61E3D0029A7D6 /* XCRemoteSwiftPackageReference "AlertMessage" */;
			productName = AlertMessage;
		};
		38A15B7429A4A6F3001A58A3 /* Alamofire */ = {
			isa = XCSwiftPackageProductDependency;
			package = 38A15B7329A4A6F3001A58A3 /* XCRemoteSwiftPackageReference "Alamofire" */;
			productName = Alamofire;
		};
		38A15B8D29A4C471001A58A3 /* CachedAsyncImage */ = {
			isa = XCSwiftPackageProductDependency;
			package = 38A15B8C29A4C471001A58A3 /* XCRemoteSwiftPackageReference "swiftui-cached-async-image" */;
			productName = CachedAsyncImage;
		};
/* End XCSwiftPackageProductDependency section */
	};
	rootObject = 38B9E91E29A3651D00267BD4 /* Project object */;
}
